
Microsoft Visual Studio Solution File, Format Version 12.00
# Visual Studio 15
VisualStudioVersion = 15.0.35706.147
MinimumVisualStudioVersion = 10.0.40219.1
Project("{FAE04EC0-301F-11D3-BF4B-00C04F79EFBC}") = "WebApplication1", "WebApplication1\WebApplication1.csproj", "{DFE33382-660D-4754-95C8-764211B278BF}"
EndProject
Project("{9A19103F-16F7-4668-BE54-9A1E7A4F7556}") = "WebApplicaion1Test", "WebApplicaion1Test\WebApplicaion1Test.csproj", "{4CB21E33-0D21-4FA0-8575-F7A50DFDB0E0}"
EndProject
Global
	GlobalSection(SolutionConfigurationPlatforms) = preSolution
		Debug|Any CPU = Debug|Any CPU
		Release|Any CPU = Release|Any CPU
	EndGlobalSection
	GlobalSection(ProjectConfigurationPlatforms) = postSolution
		{DFE33382-660D-4754-95C8-764211B278BF}.Debug|Any CPU.ActiveCfg = Debug|Any CPU
		{DFE33382-660D-4754-95C8-764211B278BF}.Debug|Any CPU.Build.0 = Debug|Any CPU
		{DFE33382-660D-4754-95C8-764211B278BF}.Release|Any CPU.ActiveCfg = Release|Any CPU
		{DFE33382-660D-4754-95C8-764211B278BF}.Release|Any CPU.Build.0 = Release|Any CPU
		{4CB21E33-0D21-4FA0-8575-F7A50DFDB0E0}.Debug|Any CPU.ActiveCfg = Debug|Any CPU
		{4CB21E33-0D21-4FA0-8575-F7A50DFDB0E0}.Debug|Any CPU.Build.0 = Debug|Any CPU
		{4CB21E33-0D21-4FA0-8575-F7A50DFDB0E0}.Release|Any CPU.ActiveCfg = Release|Any CPU
		{4CB21E33-0D21-4FA0-8575-F7A50DFDB0E0}.Release|Any CPU.Build.0 = Release|Any CPU
	EndGlobalSection
	GlobalSection(SolutionProperties) = preSolution
		HideSolutionNode = FALSE
	EndGlobalSection
	GlobalSection(ExtensibilityGlobals) = postSolution
		SolutionGuid = {893DAD0F-DD30-4C12-AD19-99909D24B9A1}
	EndGlobalSection
EndGlobal
